// !$*UTF8*$!
{
	archiveVersion = 1;
	classes = {
	};
	objectVersion = 56;
	objects = {

/* Begin PBXBuildFile section */
		1AEA29672BB4541200FFE344 /* RealityKitContent in Frameworks */ = {isa = PBXBuildFile; productRef = 1AEA29662BB4541200FFE344 /* RealityKitContent */; };
		1AEA29692BB4541200FFE344 /* VisionProFaceDetectSampleApp.swift in Sources */ = {isa = PBXBuildFile; fileRef = 1AEA29682BB4541200FFE344 /* VisionProFaceDetectSampleApp.swift */; };
		1AEA296B2BB4541200FFE344 /* ContentView.swift in Sources */ = {isa = PBXBuildFile; fileRef = 1AEA296A2BB4541200FFE344 /* ContentView.swift */; };
		1AEA296D2BB4541300FFE344 /* Assets.xcassets in Resources */ = {isa = PBXBuildFile; fileRef = 1AEA296C2BB4541300FFE344 /* Assets.xcassets */; };
		1AEA29702BB4541300FFE344 /* Preview Assets.xcassets in Resources */ = {isa = PBXBuildFile; fileRef = 1AEA296F2BB4541300FFE344 /* Preview Assets.xcassets */; };
		1AEA297B2BB4541300FFE344 /* VisionProFaceDetectSampleTests.swift in Sources */ = {isa = PBXBuildFile; fileRef = 1AEA297A2BB4541300FFE344 /* VisionProFaceDetectSampleTests.swift */; };
/* End PBXBuildFile section */

/* Begin PBXContainerItemProxy section */
		1AEA29772BB4541300FFE344 /* PBXContainerItemProxy */ = {
			isa = PBXContainerItemProxy;
			containerPortal = 1AEA29592BB4541200FFE344 /* Project object */;
			proxyType = 1;
			remoteGlobalIDString = 1AEA29602BB4541200FFE344;
			remoteInfo = VisionProFaceDetectSample;
		};
/* End PBXContainerItemProxy section */

/* Begin PBXFileReference section */
		1AEA29612BB4541200FFE344 /* VisionProFaceDetectSample.app */ = {isa = PBXFileReference; explicitFileType = wrapper.application; includeInIndex = 0; path = VisionProFaceDetectSample.app; sourceTree = BUILT_PRODUCTS_DIR; };
		1AEA29652BB4541200FFE344 /* RealityKitContent */ = {isa = PBXFileReference; lastKnownFileType = wrapper; path = RealityKitContent; sourceTree = "<group>"; };
		1AEA29682BB4541200FFE344 /* VisionProFaceDetectSampleApp.swift */ = {isa = PBXFileReference; lastKnownFileType = sourcecode.swift; path = VisionProFaceDetectSampleApp.swift; sourceTree = "<group>"; };
		1AEA296A2BB4541200FFE344 /* ContentView.swift */ = {isa = PBXFileReference; lastKnownFileType = sourcecode.swift; path = ContentView.swift; sourceTree = "<group>"; };
		1AEA296C2BB4541300FFE344 /* Assets.xcassets */ = {isa = PBXFileReference; lastKnownFileType = folder.assetcatalog; path = Assets.xcassets; sourceTree = "<group>"; };
		1AEA296F2BB4541300FFE344 /* Preview Assets.xcassets */ = {isa = PBXFileReference; lastKnownFileType = folder.assetcatalog; path = "Preview Assets.xcassets"; sourceTree = "<group>"; };
		1AEA29712BB4541300FFE344 /* Info.plist */ = {isa = PBXFileReference; lastKnownFileType = text.plist.xml; path = Info.plist; sourceTree = "<group>"; };
		1AEA29762BB4541300FFE344 /* VisionProFaceDetectSampleTests.xctest */ = {isa = PBXFileReference; explicitFileType = wrapper.cfbundle; includeInIndex = 0; path = VisionProFaceDetectSampleTests.xctest; sourceTree = BUILT_PRODUCTS_DIR; };
		1AEA297A2BB4541300FFE344 /* VisionProFaceDetectSampleTests.swift */ = {isa = PBXFileReference; lastKnownFileType = sourcecode.swift; path = VisionProFaceDetectSampleTests.swift; sourceTree = "<group>"; };
/* End PBXFileReference section */

/* Begin PBXFrameworksBuildPhase section */
		1AEA295E2BB4541200FFE344 /* Frameworks */ = {
			isa = PBXFrameworksBuildPhase;
			buildActionMask = 2147483647;
			files = (
				1AEA29672BB4541200FFE344 /* RealityKitContent in Frameworks */,
			);
			runOnlyForDeploymentPostprocessing = 0;
		};
		1AEA29732BB4541300FFE344 /* Frameworks */ = {
			isa = PBXFrameworksBuildPhase;
			buildActionMask = 2147483647;
			files = (
			);
			runOnlyForDeploymentPostprocessing = 0;
		};
/* End PBXFrameworksBuildPhase section */

/* Begin PBXGroup section */
		1AEA29582BB4541200FFE344 = {
			isa = PBXGroup;
			children = (
				1AEA29632BB4541200FFE344 /* VisionProFaceDetectSample */,
				1AEA29642BB4541200FFE344 /* Packages */,
				1AEA29792BB4541300FFE344 /* VisionProFaceDetectSampleTests */,
				1AEA29622BB4541200FFE344 /* Products */,
			);
			sourceTree = "<group>";
		};
		1AEA29622BB4541200FFE344 /* Products */ = {
			isa = PBXGroup;
			children = (
				1AEA29612BB4541200FFE344 /* VisionProFaceDetectSample.app */,
				1AEA29762BB4541300FFE344 /* VisionProFaceDetectSampleTests.xctest */,
			);
			name = Products;
			sourceTree = "<group>";
		};
		1AEA29632BB4541200FFE344 /* VisionProFaceDetectSample */ = {
			isa = PBXGroup;
			children = (
				1AEA29682BB4541200FFE344 /* VisionProFaceDetectSampleApp.swift */,
				1AEA296A2BB4541200FFE344 /* ContentView.swift */,
				1AEA296C2BB4541300FFE344 /* Assets.xcassets */,
				1AEA29712BB4541300FFE344 /* Info.plist */,
				1AEA296E2BB4541300FFE344 /* Preview Content */,
			);
			path = VisionProFaceDetectSample;
			sourceTree = "<group>";
		};
		1AEA29642BB4541200FFE344 /* Packages */ = {
			isa = PBXGroup;
			children = (
				1AEA29652BB4541200FFE344 /* RealityKitContent */,
			);
			path = Packages;
			sourceTree = "<group>";
		};
		1AEA296E2BB4541300FFE344 /* Preview Content */ = {
			isa = PBXGroup;
			children = (
				1AEA296F2BB4541300FFE344 /* Preview Assets.xcassets */,
			);
			path = "Preview Content";
			sourceTree = "<group>";
		};
		1AEA29792BB4541300FFE344 /* VisionProFaceDetectSampleTests */ = {
			isa = PBXGroup;
			children = (
				1AEA297A2BB4541300FFE344 /* VisionProFaceDetectSampleTests.swift */,
			);
			path = VisionProFaceDetectSampleTests;
			sourceTree = "<group>";
		};
/* End PBXGroup section */

/* Begin PBXNativeTarget section */
		1AEA29602BB4541200FFE344 /* VisionProFaceDetectSample */ = {
			isa = PBXNativeTarget;
			buildConfigurationList = 1AEA297E2BB4541300FFE344 /* Build configuration list for PBXNativeTarget "VisionProFaceDetectSample" */;
			buildPhases = (
				1AEA295D2BB4541200FFE344 /* Sources */,
				1AEA295E2BB4541200FFE344 /* Frameworks */,
				1AEA295F2BB4541200FFE344 /* Resources */,
			);
			buildRules = (
			);
			dependencies = (
			);
			name = VisionProFaceDetectSample;
			packageProductDependencies = (
				1AEA29662BB4541200FFE344 /* RealityKitContent */,
			);
			productName = VisionProFaceDetectSample;
			productReference = 1AEA29612BB4541200FFE344 /* VisionProFaceDetectSample.app */;
			productType = "com.apple.product-type.application";
		};
		1AEA29752BB4541300FFE344 /* VisionProFaceDetectSampleTests */ = {
			isa = PBXNativeTarget;
			buildConfigurationList = 1AEA29812BB4541300FFE344 /* Build configuration list for PBXNativeTarget "VisionProFaceDetectSampleTests" */;
			buildPhases = (
				1AEA29722BB4541300FFE344 /* Sources */,
				1AEA29732BB4541300FFE344 /* Frameworks */,
				1AEA29742BB4541300FFE344 /* Resources */,
			);
			buildRules = (
			);
			dependencies = (
				1AEA29782BB4541300FFE344 /* PBXTargetDependency */,
			);
			name = VisionProFaceDetectSampleTests;
			productName = VisionProFaceDetectSampleTests;
			productReference = 1AEA29762BB4541300FFE344 /* VisionProFaceDetectSampleTests.xctest */;
			productType = "com.apple.product-type.bundle.unit-test";
		};
/* End PBXNativeTarget section */

/* Begin PBXProject section */
		1AEA29592BB4541200FFE344 /* Project object */ = {
			isa = PBXProject;
			attributes = {
				BuildIndependentTargetsInParallel = 1;
				LastSwiftUpdateCheck = 1530;
				LastUpgradeCheck = 1530;
				TargetAttributes = {
					1AEA29602BB4541200FFE344 = {
						CreatedOnToolsVersion = 15.3;
					};
					1AEA29752BB4541300FFE344 = {
						CreatedOnToolsVersion = 15.3;
						TestTargetID = 1AEA29602BB4541200FFE344;
					};
				};
			};
			buildConfigurationList = 1AEA295C2BB4541200FFE344 /* Build configuration list for PBXProject "VisionProFaceDetectSample" */;
			compatibilityVersion = "Xcode 14.0";
			developmentRegion = en;
			hasScannedForEncodings = 0;
			knownRegions = (
				en,
				Base,
			);
			mainGroup = 1AEA29582BB4541200FFE344;
			productRefGroup = 1AEA29622BB4541200FFE344 /* Products */;
			projectDirPath = "";
			projectRoot = "";
			targets = (
				1AEA29602BB4541200FFE344 /* VisionProFaceDetectSample */,
				1AEA29752BB4541300FFE344 /* VisionProFaceDetectSampleTests */,
			);
		};
/* End PBXProject section */

/* Begin PBXResourcesBuildPhase section */
		1AEA295F2BB4541200FFE344 /* Resources */ = {
			isa = PBXResourcesBuildPhase;
			buildActionMask = 2147483647;
			files = (
				1AEA29702BB4541300FFE344 /* Preview Assets.xcassets in Resources */,
				1AEA296D2BB4541300FFE344 /* Assets.xcassets in Resources */,
			);
			runOnlyForDeploymentPostprocessing = 0;
		};
		1AEA29742BB4541300FFE344 /* Resources */ = {
			isa = PBXResourcesBuildPhase;
			buildActionMask = 2147483647;
			files = (
			);
			runOnlyForDeploymentPostprocessing = 0;
		};
/* End PBXResourcesBuildPhase section */

/* Begin PBXSourcesBuildPhase section */
		1AEA295D2BB4541200FFE344 /* Sources */ = {
			isa = PBXSourcesBuildPhase;
			buildActionMask = 2147483647;
			files = (
				1AEA296B2BB4541200FFE344 /* ContentView.swift in Sources */,
				1AEA29692BB4541200FFE344 /* VisionProFaceDetectSampleApp.swift in Sources */,
			);
			runOnlyForDeploymentPostprocessing = 0;
		};
		1AEA29722BB4541300FFE344 /* Sources */ = {
			isa = PBXSourcesBuildPhase;
			buildActionMask = 2147483647;
			files = (
				1AEA297B2BB4541300FFE344 /* VisionProFaceDetectSampleTests.swift in Sources */,
			);
			runOnlyForDeploymentPostprocessing = 0;
		};
/* End PBXSourcesBuildPhase section */

/* Begin PBXTargetDependency section */
		1AEA29782BB4541300FFE344 /* PBXTargetDependency */ = {
			isa = PBXTargetDependency;
			target = 1AEA29602BB4541200FFE344 /* VisionProFaceDetectSample */;
			targetProxy = 1AEA29772BB4541300FFE344 /* PBXContainerItemProxy */;
		};
/* End PBXTargetDependency section */

/* Begin XCBuildConfiguration section */
		1AEA297C2BB4541300FFE344 /* Debug */ = {
			isa = XCBuildConfiguration;
			buildSettings = {
				ALWAYS_SEARCH_USER_PATHS = NO;
				ASSETCATALOG_COMPILER_GENERATE_SWIFT_ASSET_SYMBOL_EXTENSIONS = YES;
				CLANG_ANALYZER_NONNULL = YES;
				CLANG_ANALYZER_NUMBER_OBJECT_CONVERSION = YES_AGGRESSIVE;
				CLANG_CXX_LANGUAGE_STANDARD = "gnu++20";
				CLANG_ENABLE_MODULES = YES;
				CLANG_ENABLE_OBJC_ARC = YES;
				CLANG_ENABLE_OBJC_WEAK = YES;
				CLANG_WARN_BLOCK_CAPTURE_AUTORELEASING = YES;
				CLANG_WARN_BOOL_CONVERSION = YES;
				CLANG_WARN_COMMA = YES;
				CLANG_WARN_CONSTANT_CONVERSION = YES;
				CLANG_WARN_DEPRECATED_OBJC_IMPLEMENTATIONS = YES;
				CLANG_WARN_DIRECT_OBJC_ISA_USAGE = YES_ERROR;
				CLANG_WARN_DOCUMENTATION_COMMENTS = YES;
				CLANG_WARN_EMPTY_BODY = YES;
				CLANG_WARN_ENUM_CONVERSION = YES;
				CLANG_WARN_INFINITE_RECURSION = YES;
				CLANG_WARN_INT_CONVERSION = YES;
				CLANG_WARN_NON_LITERAL_NULL_CONVERSION = YES;
				CLANG_WARN_OBJC_IMPLICIT_RETAIN_SELF = YES;
				CLANG_WARN_OBJC_LITERAL_CONVERSION = YES;
				CLANG_WARN_OBJC_ROOT_CLASS = YES_ERROR;
				CLANG_WARN_QUOTED_INCLUDE_IN_FRAMEWORK_HEADER = YES;
				CLANG_WARN_RANGE_LOOP_ANALYSIS = YES;
				CLANG_WARN_STRICT_PROTOTYPES = YES;
				CLANG_WARN_SUSPICIOUS_MOVE = YES;
				CLANG_WARN_UNGUARDED_AVAILABILITY = YES_AGGRESSIVE;
				CLANG_WARN_UNREACHABLE_CODE = YES;
				CLANG_WARN__DUPLICATE_METHOD_MATCH = YES;
				COPY_PHASE_STRIP = NO;
				DEBUG_INFORMATION_FORMAT = dwarf;
				ENABLE_STRICT_OBJC_MSGSEND = YES;
				ENABLE_TESTABILITY = YES;
				ENABLE_USER_SCRIPT_SANDBOXING = YES;
				GCC_C_LANGUAGE_STANDARD = gnu17;
				GCC_DYNAMIC_NO_PIC = NO;
				GCC_NO_COMMON_BLOCKS = YES;
				GCC_OPTIMIZATION_LEVEL = 0;
				GCC_PREPROCESSOR_DEFINITIONS = (
					"DEBUG=1",
					"$(inherited)",
				);
				GCC_WARN_64_TO_32_BIT_CONVERSION = YES;
				GCC_WARN_ABOUT_RETURN_TYPE = YES_ERROR;
				GCC_WARN_UNDECLARED_SELECTOR = YES;
				GCC_WARN_UNINITIALIZED_AUTOS = YES_AGGRESSIVE;
				GCC_WARN_UNUSED_FUNCTION = YES;
				GCC_WARN_UNUSED_VARIABLE = YES;
				LOCALIZATION_PREFERS_STRING_CATALOGS = YES;
				MTL_ENABLE_DEBUG_INFO = INCLUDE_SOURCE;
				MTL_FAST_MATH = YES;
				ONLY_ACTIVE_ARCH = YES;
				SDKROOT = xros;
				SWIFT_ACTIVE_COMPILATION_CONDITIONS = "DEBUG $(inherited)";
				SWIFT_OPTIMIZATION_LEVEL = "-Onone";
				XROS_DEPLOYMENT_TARGET = 1.1;
			};
			name = Debug;
		};
		1AEA297D2BB4541300FFE344 /* Release */ = {
			isa = XCBuildConfiguration;
			buildSettings = {
				ALWAYS_SEARCH_USER_PATHS = NO;
				ASSETCATALOG_COMPILER_GENERATE_SWIFT_ASSET_SYMBOL_EXTENSIONS = YES;
				CLANG_ANALYZER_NONNULL = YES;
				CLANG_ANALYZER_NUMBER_OBJECT_CONVERSION = YES_AGGRESSIVE;
				CLANG_CXX_LANGUAGE_STANDARD = "gnu++20";
				CLANG_ENABLE_MODULES = YES;
				CLANG_ENABLE_OBJC_ARC = YES;
				CLANG_ENABLE_OBJC_WEAK = YES;
				CLANG_WARN_BLOCK_CAPTURE_AUTORELEASING = YES;
				CLANG_WARN_BOOL_CONVERSION = YES;
				CLANG_WARN_COMMA = YES;
				CLANG_WARN_CONSTANT_CONVERSION = YES;
				CLANG_WARN_DEPRECATED_OBJC_IMPLEMENTATIONS = YES;
				CLANG_WARN_DIRECT_OBJC_ISA_USAGE = YES_ERROR;
				CLANG_WARN_DOCUMENTATION_COMMENTS = YES;
				CLANG_WARN_EMPTY_BODY = YES;
				CLANG_WARN_ENUM_CONVERSION = YES;
				CLANG_WARN_INFINITE_RECURSION = YES;
				CLANG_WARN_INT_CONVERSION = YES;
				CLANG_WARN_NON_LITERAL_NULL_CONVERSION = YES;
				CLANG_WARN_OBJC_IMPLICIT_RETAIN_SELF = YES;
				CLANG_WARN_OBJC_LITERAL_CONVERSION = YES;
				CLANG_WARN_OBJC_ROOT_CLASS = YES_ERROR;
				CLANG_WARN_QUOTED_INCLUDE_IN_FRAMEWORK_HEADER = YES;
				CLANG_WARN_RANGE_LOOP_ANALYSIS = YES;
				CLANG_WARN_STRICT_PROTOTYPES = YES;
				CLANG_WARN_SUSPICIOUS_MOVE = YES;
				CLANG_WARN_UNGUARDED_AVAILABILITY = YES_AGGRESSIVE;
				CLANG_WARN_UNREACHABLE_CODE = YES;
				CLANG_WARN__DUPLICATE_METHOD_MATCH = YES;
				COPY_PHASE_STRIP = NO;
				DEBUG_INFORMATION_FORMAT = "dwarf-with-dsym";
				ENABLE_NS_ASSERTIONS = NO;
				ENABLE_STRICT_OBJC_MSGSEND = YES;
				ENABLE_USER_SCRIPT_SANDBOXING = YES;
				GCC_C_LANGUAGE_STANDARD = gnu17;
				GCC_NO_COMMON_BLOCKS = YES;
				GCC_WARN_64_TO_32_BIT_CONVERSION = YES;
				GCC_WARN_ABOUT_RETURN_TYPE = YES_ERROR;
				GCC_WARN_UNDECLARED_SELECTOR = YES;
				GCC_WARN_UNINITIALIZED_AUTOS = YES_AGGRESSIVE;
				GCC_WARN_UNUSED_FUNCTION = YES;
				GCC_WARN_UNUSED_VARIABLE = YES;
				LOCALIZATION_PREFERS_STRING_CATALOGS = YES;
				MTL_ENABLE_DEBUG_INFO = NO;
				MTL_FAST_MATH = YES;
				SDKROOT = xros;
				SWIFT_COMPILATION_MODE = wholemodule;
				VALIDATE_PRODUCT = YES;
				XROS_DEPLOYMENT_TARGET = 1.1;
			};
			name = Release;
		};
		1AEA297F2BB4541300FFE344 /* Debug */ = {
			isa = XCBuildConfiguration;
			buildSettings = {
				ASSETCATALOG_COMPILER_APPICON_NAME = AppIcon;
				ASSETCATALOG_COMPILER_GLOBAL_ACCENT_COLOR_NAME = AccentColor;
				CODE_SIGN_STYLE = Automatic;
				CURRENT_PROJECT_VERSION = 1;
				DEVELOPMENT_ASSET_PATHS = "\"VisionProFaceDetectSample/Preview Content\"";
				DEVELOPMENT_TEAM = ED5R9E794B;
				ENABLE_PREVIEWS = YES;
				GENERATE_INFOPLIST_FILE = YES;
				INFOPLIST_FILE = "$(TARGET_NAME)/Info.plist";
				LD_RUNPATH_SEARCH_PATHS = (
					"$(inherited)",
					"@executable_path/Frameworks",
				);
				MARKETING_VERSION = 1.0;
				PRODUCT_BUNDLE_IDENTIFIER = jp.co.1planet.visionos.sample.face.detect.VisionProFaceDetectSample;
				PRODUCT_NAME = "$(TARGET_NAME)";
				SUPPORTED_PLATFORMS = "xros xrsimulator";
				SWIFT_EMIT_LOC_STRINGS = YES;
				SWIFT_VERSION = 5.0;
				TARGETED_DEVICE_FAMILY = "1,2,7";
			};
			name = Debug;
		};
		1AEA29802BB4541300FFE344 /* Release */ = {
			isa = XCBuildConfiguration;
			buildSettings = {
				ASSETCATALOG_COMPILER_APPICON_NAME = AppIcon;
				ASSETCATALOG_COMPILER_GLOBAL_ACCENT_COLOR_NAME = AccentColor;
				CODE_SIGN_STYLE = Automatic;
				CURRENT_PROJECT_VERSION = 1;
				DEVELOPMENT_ASSET_PATHS = "\"VisionProFaceDetectSample/Preview Content\"";
				DEVELOPMENT_TEAM = ED5R9E794B;
				ENABLE_PREVIEWS = YES;
				GENERATE_INFOPLIST_FILE = YES;
				INFOPLIST_FILE = "$(TARGET_NAME)/Info.plist";
				LD_RUNPATH_SEARCH_PATHS = (
					"$(inherited)",
					"@executable_path/Frameworks",
				);
				MARKETING_VERSION = 1.0;
				PRODUCT_BUNDLE_IDENTIFIER = jp.co.1planet.visionos.sample.face.detect.VisionProFaceDetectSample;
				PRODUCT_NAME = "$(TARGET_NAME)";
				SUPPORTED_PLATFORMS = "xros xrsimulator";
				SWIFT_EMIT_LOC_STRINGS = YES;
				SWIFT_VERSION = 5.0;
				TARGETED_DEVICE_FAMILY = "1,2,7";
			};
			name = Release;
		};
		1AEA29822BB4541300FFE344 /* Debug */ = {
			isa = XCBuildConfiguration;
			buildSettings = {
				ALWAYS_EMBED_SWIFT_STANDARD_LIBRARIES = YES;
				BUNDLE_LOADER = "$(TEST_HOST)";
				CODE_SIGN_STYLE = Automatic;
				CURRENT_PROJECT_VERSION = 1;
				DEVELOPMENT_TEAM = ED5R9E794B;
				GENERATE_INFOPLIST_FILE = YES;
				MARKETING_VERSION = 1.0;
				PRODUCT_BUNDLE_IDENTIFIER = jp.co.1planet.visionos.sample.face.detect.VisionProFaceDetectSampleTests;
				PRODUCT_NAME = "$(TARGET_NAME)";
				SUPPORTED_PLATFORMS = "xros xrsimulator";
				SWIFT_EMIT_LOC_STRINGS = NO;
				SWIFT_VERSION = 5.0;
				TARGETED_DEVICE_FAMILY = "1,2,7";
				TEST_HOST = "$(BUILT_PRODUCTS_DIR)/VisionProFaceDetectSample.app/$(BUNDLE_EXECUTABLE_FOLDER_PATH)/VisionProFaceDetectSample";
				XROS_DEPLOYMENT_TARGET = 1.1;
			};
			name = Debug;
		};
		1AEA29832BB4541300FFE344 /* Release */ = {
			isa = XCBuildConfiguration;
			buildSettings = {
				ALWAYS_EMBED_SWIFT_STANDARD_LIBRARIES = YES;
				BUNDLE_LOADER = "$(TEST_HOST)";
				CODE_SIGN_STYLE = Automatic;
				CURRENT_PROJECT_VERSION = 1;
				DEVELOPMENT_TEAM = ED5R9E794B;
				GENERATE_INFOPLIST_FILE = YES;
				MARKETING_VERSION = 1.0;
				PRODUCT_BUNDLE_IDENTIFIER = jp.co.1planet.visionos.sample.face.detect.VisionProFaceDetectSampleTests;
				PRODUCT_NAME = "$(TARGET_NAME)";
				SUPPORTED_PLATFORMS = "xros xrsimulator";
				SWIFT_EMIT_LOC_STRINGS = NO;
				SWIFT_VERSION = 5.0;
				TARGETED_DEVICE_FAMILY = "1,2,7";
				TEST_HOST = "$(BUILT_PRODUCTS_DIR)/VisionProFaceDetectSample.app/$(BUNDLE_EXECUTABLE_FOLDER_PATH)/VisionProFaceDetectSample";
				XROS_DEPLOYMENT_TARGET = 1.1;
			};
			name = Release;
		};
/* End XCBuildConfiguration section */

/* Begin XCConfigurationList section */
		1AEA295C2BB4541200FFE344 /* Build configuration list for PBXProject "VisionProFaceDetectSample" */ = {
			isa = XCConfigurationList;
			buildConfigurations = (
				1AEA297C2BB4541300FFE344 /* Debug */,
				1AEA297D2BB4541300FFE344 /* Release */,
			);
			defaultConfigurationIsVisible = 0;
			defaultConfigurationName = Release;
		};
		1AEA297E2BB4541300FFE344 /* Build configuration list for PBXNativeTarget "VisionProFaceDetectSample" */ = {
			isa = XCConfigurationList;
			buildConfigurations = (
				1AEA297F2BB4541300FFE344 /* Debug */,
				1AEA29802BB4541300FFE344 /* Release */,
			);
			defaultConfigurationIsVisible = 0;
			defaultConfigurationName = Release;
		};
		1AEA29812BB4541300FFE344 /* Build configuration list for PBXNativeTarget "VisionProFaceDetectSampleTests" */ = {
			isa = XCConfigurationList;
			buildConfigurations = (
				1AEA29822BB4541300FFE344 /* Debug */,
				1AEA29832BB4541300FFE344 /* Release */,
			);
			defaultConfigurationIsVisible = 0;
			defaultConfigurationName = Release;
		};
/* End XCConfigurationList section */

/* Begin XCSwiftPackageProductDependency section */
		1AEA29662BB4541200FFE344 /* RealityKitContent */ = {
			isa = XCSwiftPackageProductDependency;
			productName = RealityKitContent;
		};
/* End XCSwiftPackageProductDependency section */
	};
	rootObject = 1AEA29592BB4541200FFE344 /* Project object */;
}
